{
    "_meta": {
        "hash": {
            "sha256": "5b0ebb17b7910dd6551edf7b4b8e657b812767994f2e97b432cd0dcdcbf683c7"
        },
        "pipfile-spec": 6,
        "requires": {
            "gunicorn": "*",
            "python_version": "3.8"
        },
        "sources": [
            {
                "name": "pypi",
                "url": "https://pypi.org/simple",
                "verify_ssl": true
            }
        ]
    },
    "default": {},
    "develop": {}
}
